{
  "nodes": {
    "claude-desktop": {
      "inputs": {
        "flake-utils": "flake-utils",
        "nixpkgs": [
          "nixpkgs"
        ]
      },
      "locked": {
        "lastModified": 1756649772,
        "narHash": "sha256-YesaX4RhgNmB0tNBNMgHnW/CV+7o1jrHcpH60Z9KMgg=",
        "owner": "k3d3",
        "repo": "claude-desktop-linux-flake",
        "rev": "bbf9abf395d0ec607a55dd9ddef1efee57883827",
        "type": "github"
      },
      "original": {
        "owner": "k3d3",
        "repo": "claude-desktop-linux-flake",
        "type": "github"
      }
    },
    "fenix": {
      "inputs": {
        "nixpkgs": [
          "notifications-server",
          "nixpkgs"
        ],
        "rust-analyzer-src": "rust-analyzer-src"
      },
      "locked": {
        "lastModified": 1757226853,
        "narHash": "sha256-6w7SrX+3zibodEx9QQoCHPbR7fg40nnRxxlKMQ4vZJE=",
        "owner": "nix-community",
        "repo": "fenix",
        "rev": "d6d0c2bec4f339f86f44e597dd8179c6c5cd5f26",
        "type": "github"
      },
      "original": {
        "owner": "nix-community",
        "repo": "fenix",
        "type": "github"
      }
    },
    "flake-utils": {
      "inputs": {
        "systems": "systems"
      },
      "locked": {
        "lastModified": 1731533236,
        "narHash": "sha256-l0KFg5HjrsfsO/JpG+r7fRrqm12kzFHyUHqHCVpMMbI=",
        "owner": "numtide",
        "repo": "flake-utils",
        "rev": "11707dc2f618dd54ca8739b309ec4fc024de578b",
        "type": "github"
      },
      "original": {
        "owner": "numtide",
        "repo": "flake-utils",
        "type": "github"
      }
    },
    "home-manager": {
      "inputs": {
        "nixpkgs": [
          "nixpkgs"
        ]
      },
      "locked": {
        "lastModified": 1756679287,
        "narHash": "sha256-Xd1vOeY9ccDf5VtVK12yM0FS6qqvfUop8UQlxEB+gTQ=",
        "owner": "nix-community",
        "repo": "home-manager",
        "rev": "07fc025fe10487dd80f2ec694f1cd790e752d0e8",
        "type": "github"
      },
      "original": {
        "owner": "nix-community",
        "ref": "release-25.05",
        "repo": "home-manager",
        "type": "github"
      }
    },
    "nixpkgs": {
      "locked": {
        "lastModified": 1757545623,
        "narHash": "sha256-mCxPABZ6jRjUQx3bPP4vjA68ETbPLNz9V2pk9tO7pRQ=",
        "owner": "NixOS",
        "repo": "nixpkgs",
        "rev": "8cd5ce828d5d1d16feff37340171a98fc3bf6526",
        "type": "github"
      },
      "original": {
        "owner": "NixOS",
        "ref": "nixos-25.05",
        "repo": "nixpkgs",
        "type": "github"
      }
    },
    "notifications-server": {
      "inputs": {
        "fenix": "fenix",
        "nixpkgs": [
          "nixpkgs"
        ]
      },
      "locked": {
        "lastModified": 1757652954,
        "narHash": "sha256-byRLLkmF09Ytz1kO/oZW3kjMEJrwryyKppDDfYvmP5Y=",
        "owner": "palekiwi-labs",
        "repo": "notifications-server",
        "rev": "103a196af5207df2006ee3bd5f575daa6d9b8cf8",
        "type": "github"
      },
      "original": {
        "owner": "palekiwi-labs",
        "repo": "notifications-server",
        "rev": "103a196af5207df2006ee3bd5f575daa6d9b8cf8",
        "type": "github"
      }
    },
    "root": {
      "inputs": {
        "claude-desktop": "claude-desktop",
        "home-manager": "home-manager",
        "nixpkgs": "nixpkgs",
        "notifications-server": "notifications-server",
        "sops-nix": "sops-nix"
      }
    },
    "rust-analyzer-src": {
      "flake": false,
      "locked": {
        "lastModified": 1757042294,
        "narHash": "sha256-JMLa0ZsbEd3+3E0/PQj/igVi9+pb98TgxaOEEw+t1bo=",
        "owner": "rust-lang",
        "repo": "rust-analyzer",
        "rev": "a53b44412d4643cdec41005129735b38737eb296",
        "type": "github"
      },
      "original": {
        "owner": "rust-lang",
        "ref": "nightly",
        "repo": "rust-analyzer",
        "type": "github"
      }
    },
    "sops-nix": {
      "inputs": {
        "nixpkgs": [
          "nixpkgs"
        ]
      },
      "locked": {
        "lastModified": 1757503115,
        "narHash": "sha256-S9F6bHUBh+CFEUalv/qxNImRapCxvSnOzWBUZgK1zDU=",
        "owner": "Mic92",
        "repo": "sops-nix",
        "rev": "0bf793823386187dff101ee2a9d4ed26de8bbf8c",
        "type": "github"
      },
      "original": {
        "owner": "Mic92",
        "repo": "sops-nix",
        "type": "github"
      }
    },
    "systems": {
      "locked": {
        "lastModified": 1681028828,
        "narHash": "sha256-Vy1rq5AaRuLzOxct8nz4T6wlgyUR7zLU309k9mBC768=",
        "owner": "nix-systems",
        "repo": "default",
        "rev": "da67096a3b9bf56a91d16901293e51ba5b49a27e",
        "type": "github"
      },
      "original": {
        "owner": "nix-systems",
        "repo": "default",
        "type": "github"
      }
    }
  },
  "root": "root",
  "version": 7
}
