{
  "nodes": {
    "fenix": {
      "inputs": {
        "nixpkgs": [
          "mcp-gemini-cli",
          "nixpkgs"
        ],
        "rust-analyzer-src": "rust-analyzer-src"
      },
      "locked": {
        "lastModified": 1758350402,
        "narHash": "sha256-xpbGgQ6ymKvz/LQ3RrUTHdbRKWznZAbdaNAH7TdbKZs=",
        "owner": "nix-community",
        "repo": "fenix",
        "rev": "bfa40349cb508ebec2a8d0f89d65022967d28dc4",
        "type": "github"
      },
      "original": {
        "owner": "nix-community",
        "repo": "fenix",
        "type": "github"
      }
    },
    "fenix_2": {
      "inputs": {
        "nixpkgs": [
          "test-runner-mcp",
          "nixpkgs"
        ],
        "rust-analyzer-src": "rust-analyzer-src_2"
      },
      "locked": {
        "lastModified": 1757226853,
        "narHash": "sha256-6w7SrX+3zibodEx9QQoCHPbR7fg40nnRxxlKMQ4vZJE=",
        "owner": "nix-community",
        "repo": "fenix",
        "rev": "d6d0c2bec4f339f86f44e597dd8179c6c5cd5f26",
        "type": "github"
      },
      "original": {
        "owner": "nix-community",
        "repo": "fenix",
        "type": "github"
      }
    },
    "fenix_3": {
      "inputs": {
        "nixpkgs": [
          "wrappedAgents",
          "nixpkgs"
        ],
        "rust-analyzer-src": "rust-analyzer-src_3"
      },
      "locked": {
        "lastModified": 1761201787,
        "narHash": "sha256-RQG899vzsoRIMQ6ZR5bi1W9HOomUgID7tk3COQf/OaY=",
        "owner": "nix-community",
        "repo": "fenix",
        "rev": "1ab39eca6ce37b1db23b595c2a754c81ebf49507",
        "type": "github"
      },
      "original": {
        "owner": "nix-community",
        "repo": "fenix",
        "type": "github"
      }
    },
    "flake-compat": {
      "flake": false,
      "locked": {
        "lastModified": 1747046372,
        "narHash": "sha256-CIVLLkVgvHYbgI2UpXvIIBJ12HWgX+fjA8Xf8PUmqCY=",
        "owner": "edolstra",
        "repo": "flake-compat",
        "rev": "9100a0f413b0c601e0533d1d94ffd501ce2e7885",
        "type": "github"
      },
      "original": {
        "owner": "edolstra",
        "repo": "flake-compat",
        "type": "github"
      }
    },
    "flake-utils": {
      "inputs": {
        "systems": "systems"
      },
      "locked": {
        "lastModified": 1731533236,
        "narHash": "sha256-l0KFg5HjrsfsO/JpG+r7fRrqm12kzFHyUHqHCVpMMbI=",
        "owner": "numtide",
        "repo": "flake-utils",
        "rev": "11707dc2f618dd54ca8739b309ec4fc024de578b",
        "type": "github"
      },
      "original": {
        "owner": "numtide",
        "repo": "flake-utils",
        "type": "github"
      }
    },
    "flake-utils_2": {
      "inputs": {
        "systems": "systems_2"
      },
      "locked": {
        "lastModified": 1731533236,
        "narHash": "sha256-l0KFg5HjrsfsO/JpG+r7fRrqm12kzFHyUHqHCVpMMbI=",
        "owner": "numtide",
        "repo": "flake-utils",
        "rev": "11707dc2f618dd54ca8739b309ec4fc024de578b",
        "type": "github"
      },
      "original": {
        "owner": "numtide",
        "repo": "flake-utils",
        "type": "github"
      }
    },
    "home-manager": {
      "inputs": {
        "nixpkgs": [
          "nixpkgs"
        ]
      },
      "locked": {
        "lastModified": 1758463745,
        "narHash": "sha256-uhzsV0Q0I9j2y/rfweWeGif5AWe0MGrgZ/3TjpDYdGA=",
        "owner": "nix-community",
        "repo": "home-manager",
        "rev": "3b955f5f0a942f9f60cdc9cacb7844335d0f21c3",
        "type": "github"
      },
      "original": {
        "owner": "nix-community",
        "ref": "release-25.05",
        "repo": "home-manager",
        "type": "github"
      }
    },
    "mcp-gemini-cli": {
      "inputs": {
        "fenix": "fenix",
        "nixpkgs": [
          "nixpkgs"
        ]
      },
      "locked": {
        "lastModified": 1758594199,
        "narHash": "sha256-JOJFXXq/S1gJ4V/nrGJkHg0ASc15oJZmJbG3H76qPdk=",
        "owner": "palekiwi-labs",
        "repo": "mcp-gemini-cli",
        "rev": "02b7d1711eb3bee5ff300ab4590d7d012f49fe04",
        "type": "github"
      },
      "original": {
        "owner": "palekiwi-labs",
        "repo": "mcp-gemini-cli",
        "rev": "02b7d1711eb3bee5ff300ab4590d7d012f49fe04",
        "type": "github"
      }
    },
    "nixpkgs": {
      "locked": {
        "lastModified": 1761016216,
        "narHash": "sha256-G/iC4t/9j/52i/nm+0/4ybBmAF4hzR8CNHC75qEhjHo=",
        "owner": "NixOS",
        "repo": "nixpkgs",
        "rev": "481cf557888e05d3128a76f14c76397b7d7cc869",
        "type": "github"
      },
      "original": {
        "owner": "NixOS",
        "ref": "nixos-25.05",
        "repo": "nixpkgs",
        "type": "github"
      }
    },
    "nixpkgs-ruby": {
      "inputs": {
        "flake-compat": "flake-compat",
        "flake-utils": "flake-utils_2",
        "nixpkgs": "nixpkgs_2"
      },
      "locked": {
        "lastModified": 1759902829,
        "narHash": "sha256-8mF8hyntxkjxZ5AOM+uHbJMSdA/kTgNTGOdskCKm1+c=",
        "owner": "bobvanderlinden",
        "repo": "nixpkgs-ruby",
        "rev": "5fba6c022a63f1e76dee4da71edddad8959f088a",
        "type": "github"
      },
      "original": {
        "owner": "bobvanderlinden",
        "repo": "nixpkgs-ruby",
        "type": "github"
      }
    },
    "nixpkgs-unstable": {
      "locked": {
        "lastModified": 1761114652,
        "narHash": "sha256-f/QCJM/YhrV/lavyCVz8iU3rlZun6d+dAiC3H+CDle4=",
        "owner": "NixOS",
        "repo": "nixpkgs",
        "rev": "01f116e4df6a15f4ccdffb1bcd41096869fb385c",
        "type": "github"
      },
      "original": {
        "owner": "NixOS",
        "ref": "nixos-unstable",
        "repo": "nixpkgs",
        "type": "github"
      }
    },
    "nixpkgs-unstable_2": {
      "locked": {
        "lastModified": 1761114652,
        "narHash": "sha256-f/QCJM/YhrV/lavyCVz8iU3rlZun6d+dAiC3H+CDle4=",
        "owner": "NixOS",
        "repo": "nixpkgs",
        "rev": "01f116e4df6a15f4ccdffb1bcd41096869fb385c",
        "type": "github"
      },
      "original": {
        "owner": "NixOS",
        "ref": "nixos-unstable",
        "repo": "nixpkgs",
        "type": "github"
      }
    },
    "nixpkgs_2": {
      "locked": {
        "lastModified": 1752620740,
        "narHash": "sha256-f3pO+9lg66mV7IMmmIqG4PL3223TYMlnlw+pnpelbss=",
        "owner": "NixOS",
        "repo": "nixpkgs",
        "rev": "32a4e87942101f1c9f9865e04dc3ddb175f5f32e",
        "type": "github"
      },
      "original": {
        "owner": "NixOS",
        "ref": "nixos-25.05",
        "repo": "nixpkgs",
        "type": "github"
      }
    },
    "root": {
      "inputs": {
        "home-manager": "home-manager",
        "mcp-gemini-cli": "mcp-gemini-cli",
        "nixpkgs": "nixpkgs",
        "nixpkgs-unstable": "nixpkgs-unstable",
        "test-runner-mcp": "test-runner-mcp",
        "wrappedAgents": "wrappedAgents"
      }
    },
    "rust-analyzer-src": {
      "flake": false,
      "locked": {
        "lastModified": 1758294437,
        "narHash": "sha256-PXDZtnSSNXIlTlytspxkTm/RENaQKdTJ44RGqm/LPLA=",
        "owner": "rust-lang",
        "repo": "rust-analyzer",
        "rev": "b12a1293473d4c1c74a63752184b8d21d32a6bde",
        "type": "github"
      },
      "original": {
        "owner": "rust-lang",
        "ref": "nightly",
        "repo": "rust-analyzer",
        "type": "github"
      }
    },
    "rust-analyzer-src_2": {
      "flake": false,
      "locked": {
        "lastModified": 1757042294,
        "narHash": "sha256-JMLa0ZsbEd3+3E0/PQj/igVi9+pb98TgxaOEEw+t1bo=",
        "owner": "rust-lang",
        "repo": "rust-analyzer",
        "rev": "a53b44412d4643cdec41005129735b38737eb296",
        "type": "github"
      },
      "original": {
        "owner": "rust-lang",
        "ref": "nightly",
        "repo": "rust-analyzer",
        "type": "github"
      }
    },
    "rust-analyzer-src_3": {
      "flake": false,
      "locked": {
        "lastModified": 1761178311,
        "narHash": "sha256-M5VeAtfip2zdqHKG9Su+5vlDG8AhtTk1ktxUGXdARc8=",
        "owner": "rust-lang",
        "repo": "rust-analyzer",
        "rev": "f362735f822fe66ed2e357db53717b3db69dc6c9",
        "type": "github"
      },
      "original": {
        "owner": "rust-lang",
        "ref": "nightly",
        "repo": "rust-analyzer",
        "type": "github"
      }
    },
    "systems": {
      "locked": {
        "lastModified": 1681028828,
        "narHash": "sha256-Vy1rq5AaRuLzOxct8nz4T6wlgyUR7zLU309k9mBC768=",
        "owner": "nix-systems",
        "repo": "default",
        "rev": "da67096a3b9bf56a91d16901293e51ba5b49a27e",
        "type": "github"
      },
      "original": {
        "owner": "nix-systems",
        "repo": "default",
        "type": "github"
      }
    },
    "systems_2": {
      "locked": {
        "lastModified": 1681028828,
        "narHash": "sha256-Vy1rq5AaRuLzOxct8nz4T6wlgyUR7zLU309k9mBC768=",
        "owner": "nix-systems",
        "repo": "default",
        "rev": "da67096a3b9bf56a91d16901293e51ba5b49a27e",
        "type": "github"
      },
      "original": {
        "owner": "nix-systems",
        "repo": "default",
        "type": "github"
      }
    },
    "test-runner-mcp": {
      "inputs": {
        "fenix": "fenix_2",
        "nixpkgs": [
          "nixpkgs-unstable"
        ]
      },
      "locked": {
        "lastModified": 1757937123,
        "narHash": "sha256-mD8Qxo+NoFsrmXCRDOLB8e/ldVHUvb56lqeK6iT+a0Q=",
        "owner": "palekiwi-labs",
        "repo": "test-runner-mcp",
        "rev": "13d05835c8d8a3829a6f07776b6e646571944ab3",
        "type": "github"
      },
      "original": {
        "owner": "palekiwi-labs",
        "repo": "test-runner-mcp",
        "rev": "13d05835c8d8a3829a6f07776b6e646571944ab3",
        "type": "github"
      }
    },
    "wrappedAgents": {
      "inputs": {
        "fenix": "fenix_3",
        "flake-utils": "flake-utils",
        "nixpkgs": [
          "nixpkgs"
        ],
        "nixpkgs-ruby": "nixpkgs-ruby",
        "nixpkgs-unstable": "nixpkgs-unstable_2"
      },
      "locked": {
        "lastModified": 1763341635,
        "narHash": "sha256-uetLVIGBytE6n7VBZrLI2LhNifvCJDjRbHUAQrEKd58=",
        "owner": "palekiwi-labs",
        "repo": "agents",
        "rev": "137e07883605385f8989bbe96849a3da82923df9",
        "type": "github"
      },
      "original": {
        "owner": "palekiwi-labs",
        "repo": "agents",
        "rev": "137e07883605385f8989bbe96849a3da82923df9",
        "type": "github"
      }
    }
  },
  "root": "root",
  "version": 7
}
